
Microsoft Visual Studio Solution File, Format Version 12.00
# Visual Studio Version 17
VisualStudioVersion = 17.13.35806.99 d17.13
MinimumVisualStudioVersion = 10.0.40219.1
Project("{FAE04EC0-301F-11D3-BF4B-00C04F79EFBC}") = "FridgrAPI", "FridgrAPI\FridgrAPI.csproj", "{F977F7BA-42D2-40FD-8076-E920873FFCD1}"
EndProject
Global
	GlobalSection(SolutionConfigurationPlatforms) = preSolution
		Debug|Any CPU = Debug|Any CPU
		Release|Any CPU = Release|Any CPU
	EndGlobalSection
	GlobalSection(ProjectConfigurationPlatforms) = postSolution
		{F977F7BA-42D2-40FD-8076-E920873FFCD1}.Debug|Any CPU.ActiveCfg = Debug|Any CPU
		{F977F7BA-42D2-40FD-8076-E920873FFCD1}.Debug|Any CPU.Build.0 = Debug|Any CPU
		{F977F7BA-42D2-40FD-8076-E920873FFCD1}.Release|Any CPU.ActiveCfg = Release|Any CPU
		{F977F7BA-42D2-40FD-8076-E920873FFCD1}.Release|Any CPU.Build.0 = Release|Any CPU
	EndGlobalSection
	GlobalSection(SolutionProperties) = preSolution
		HideSolutionNode = FALSE
	EndGlobalSection
	GlobalSection(ExtensibilityGlobals) = postSolution
		SolutionGuid = {696F3A1D-95E5-4224-B4B5-212181E7874F}
	EndGlobalSection
EndGlobal
